// !$*UTF8*$!
{
	archiveVersion = 1;
	classes = {
	};
	objectVersion = 46;
	objects = {

/* Begin PBXBuildFile section */
		4D3D23D61EE54BC40088E76C /* main.m in Sources */ = {isa = PBXBuildFile; fileRef = 4D3D23D51EE54BC40088E76C /* main.m */; };
		4D3D23D91EE54BC40088E76C /* AppDelegate.m in Sources */ = {isa = PBXBuildFile; fileRef = 4D3D23D81EE54BC40088E76C /* AppDelegate.m */; };
		4D3D23DC1EE54BC40088E76C /* ViewController.m in Sources */ = {isa = PBXBuildFile; fileRef = 4D3D23DB1EE54BC40088E76C /* ViewController.m */; };
		4D3D23DF1EE54BC40088E76C /* Main.storyboard in Resources */ = {isa = PBXBuildFile; fileRef = 4D3D23DD1EE54BC40088E76C /* Main.storyboard */; };
		4D3D23E11EE54BC40088E76C /* Assets.xcassets in Resources */ = {isa = PBXBuildFile; fileRef = 4D3D23E01EE54BC40088E76C /* Assets.xcassets */; };
		4D3D23E41EE54BC40088E76C /* LaunchScreen.storyboard in Resources */ = {isa = PBXBuildFile; fileRef = 4D3D23E21EE54BC40088E76C /* LaunchScreen.storyboard */; };
		4D3D23F11EE54EAA0088E76C /* NSDate+Category.m in Sources */ = {isa = PBXBuildFile; fileRef = 4D3D23F01EE54EAA0088E76C /* NSDate+Category.m */; };
		4D3D23F71EE55C060088E76C /* NSCalendarCategory.m in Sources */ = {isa = PBXBuildFile; fileRef = 4D3D23F61EE55C060088E76C /* NSCalendarCategory.m */; };
/* End PBXBuildFile section */

/* Begin PBXFileReference section */
		4D3D23D11EE54BC40088E76C /* Time.app */ = {isa = PBXFileReference; explicitFileType = wrapper.application; includeInIndex = 0; path = Time.app; sourceTree = BUILT_PRODUCTS_DIR; };
		4D3D23D51EE54BC40088E76C /* main.m */ = {isa = PBXFileReference; lastKnownFileType = sourcecode.c.objc; path = main.m; sourceTree = "<group>"; };
		4D3D23D71EE54BC40088E76C /* AppDelegate.h */ = {isa = PBXFileReference; lastKnownFileType = sourcecode.c.h; path = AppDelegate.h; sourceTree = "<group>"; };
		4D3D23D81EE54BC40088E76C /* AppDelegate.m */ = {isa = PBXFileReference; lastKnownFileType = sourcecode.c.objc; path = AppDelegate.m; sourceTree = "<group>"; };
		4D3D23DA1EE54BC40088E76C /* ViewController.h */ = {isa = PBXFileReference; lastKnownFileType = sourcecode.c.h; path = ViewController.h; sourceTree = "<group>"; };
		4D3D23DB1EE54BC40088E76C /* ViewController.m */ = {isa = PBXFileReference; lastKnownFileType = sourcecode.c.objc; path = ViewController.m; sourceTree = "<group>"; };
		4D3D23DE1EE54BC40088E76C /* Base */ = {isa = PBXFileReference; lastKnownFileType = file.storyboard; name = Base; path = Base.lproj/Main.storyboard; sourceTree = "<group>"; };
		4D3D23E01EE54BC40088E76C /* Assets.xcassets */ = {isa = PBXFileReference; lastKnownFileType = folder.assetcatalog; path = Assets.xcassets; sourceTree = "<group>"; };
		4D3D23E31EE54BC40088E76C /* Base */ = {isa = PBXFileReference; lastKnownFileType = file.storyboard; name = Base; path = Base.lproj/LaunchScreen.storyboard; sourceTree = "<group>"; };
		4D3D23E51EE54BC40088E76C /* Info.plist */ = {isa = PBXFileReference; lastKnownFileType = text.plist.xml; path = Info.plist; sourceTree = "<group>"; };
		4D3D23EF1EE54EAA0088E76C /* NSDate+Category.h */ = {isa = PBXFileReference; fileEncoding = 4; lastKnownFileType = sourcecode.c.h; path = "NSDate+Category.h"; sourceTree = "<group>"; };
		4D3D23F01EE54EAA0088E76C /* NSDate+Category.m */ = {isa = PBXFileReference; fileEncoding = 4; lastKnownFileType = sourcecode.c.objc; path = "NSDate+Category.m"; sourceTree = "<group>"; };
		4D3D23F51EE55C060088E76C /* NSCalendar+Category.h */ = {isa = PBXFileReference; fileEncoding = 4; lastKnownFileType = sourcecode.c.h; path = "NSCalendar+Category.h"; sourceTree = "<group>"; };
		4D3D23F61EE55C060088E76C /* NSCalendarCategory.m */ = {isa = PBXFileReference; fileEncoding = 4; lastKnownFileType = sourcecode.c.objc; path = NSCalendarCategory.m; sourceTree = "<group>"; };
/* End PBXFileReference section */

/* Begin PBXFrameworksBuildPhase section */
		4D3D23CE1EE54BC40088E76C /* Frameworks */ = {
			isa = PBXFrameworksBuildPhase;
			buildActionMask = 2147483647;
			files = (
			);
			runOnlyForDeploymentPostprocessing = 0;
		};
/* End PBXFrameworksBuildPhase section */

/* Begin PBXGroup section */
		4D3D23C81EE54BC40088E76C = {
			isa = PBXGroup;
			children = (
				4D3D23D31EE54BC40088E76C /* Time */,
				4D3D23D21EE54BC40088E76C /* Products */,
			);
			sourceTree = "<group>";
		};
		4D3D23D21EE54BC40088E76C /* Products */ = {
			isa = PBXGroup;
			children = (
				4D3D23D11EE54BC40088E76C /* Time.app */,
			);
			name = Products;
			sourceTree = "<group>";
		};
		4D3D23D31EE54BC40088E76C /* Time */ = {
			isa = PBXGroup;
			children = (
				4D3D23EE1EE54EAA0088E76C /* NSDate+Category */,
				4D3D23D71EE54BC40088E76C /* AppDelegate.h */,
				4D3D23D81EE54BC40088E76C /* AppDelegate.m */,
				4D3D23DA1EE54BC40088E76C /* ViewController.h */,
				4D3D23DB1EE54BC40088E76C /* ViewController.m */,
				4D3D23DD1EE54BC40088E76C /* Main.storyboard */,
				4D3D23E01EE54BC40088E76C /* Assets.xcassets */,
				4D3D23E21EE54BC40088E76C /* LaunchScreen.storyboard */,
				4D3D23E51EE54BC40088E76C /* Info.plist */,
				4D3D23D41EE54BC40088E76C /* Supporting Files */,
			);
			path = Time;
			sourceTree = "<group>";
		};
		4D3D23D41EE54BC40088E76C /* Supporting Files */ = {
			isa = PBXGroup;
			children = (
				4D3D23D51EE54BC40088E76C /* main.m */,
			);
			name = "Supporting Files";
			sourceTree = "<group>";
		};
		4D3D23EE1EE54EAA0088E76C /* NSDate+Category */ = {
			isa = PBXGroup;
			children = (
				4D3D23EF1EE54EAA0088E76C /* NSDate+Category.h */,
				4D3D23F01EE54EAA0088E76C /* NSDate+Category.m */,
				4D3D23F51EE55C060088E76C /* NSCalendar+Category.h */,
				4D3D23F61EE55C060088E76C /* NSCalendarCategory.m */,
			);
			path = "NSDate+Category";
			sourceTree = "<group>";
		};
/* End PBXGroup section */

/* Begin PBXNativeTarget section */
		4D3D23D01EE54BC40088E76C /* Time */ = {
			isa = PBXNativeTarget;
			buildConfigurationList = 4D3D23E81EE54BC40088E76C /* Build configuration list for PBXNativeTarget "Time" */;
			buildPhases = (
				4D3D23CD1EE54BC40088E76C /* Sources */,
				4D3D23CE1EE54BC40088E76C /* Frameworks */,
				4D3D23CF1EE54BC40088E76C /* Resources */,
			);
			buildRules = (
			);
			dependencies = (
			);
			name = Time;
			productName = Time;
			productReference = 4D3D23D11EE54BC40088E76C /* Time.app */;
			productType = "com.apple.product-type.application";
		};
/* End PBXNativeTarget section */

/* Begin PBXProject section */
		4D3D23C91EE54BC40088E76C /* Project object */ = {
			isa = PBXProject;
			attributes = {
				LastUpgradeCheck = 0830;
				ORGANIZATIONNAME = "安宁";
				TargetAttributes = {
					4D3D23D01EE54BC40088E76C = {
						CreatedOnToolsVersion = 8.3;
						ProvisioningStyle = Automatic;
					};
				};
			};
			buildConfigurationList = 4D3D23CC1EE54BC40088E76C /* Build configuration list for PBXProject "Time" */;
			compatibilityVersion = "Xcode 3.2";
			developmentRegion = English;
			hasScannedForEncodings = 0;
			knownRegions = (
				en,
				Base,
			);
			mainGroup = 4D3D23C81EE54BC40088E76C;
			productRefGroup = 4D3D23D21EE54BC40088E76C /* Products */;
			projectDirPath = "";
			projectRoot = "";
			targets = (
				4D3D23D01EE54BC40088E76C /* Time */,
			);
		};
/* End PBXProject section */

/* Begin PBXResourcesBuildPhase section */
		4D3D23CF1EE54BC40088E76C /* Resources */ = {
			isa = PBXResourcesBuildPhase;
			buildActionMask = 2147483647;
			files = (
				4D3D23E41EE54BC40088E76C /* LaunchScreen.storyboard in Resources */,
				4D3D23E11EE54BC40088E76C /* Assets.xcassets in Resources */,
				4D3D23DF1EE54BC40088E76C /* Main.storyboard in Resources */,
			);
			runOnlyForDeploymentPostprocessing = 0;
		};
/* End PBXResourcesBuildPhase section */

/* Begin PBXSourcesBuildPhase section */
		4D3D23CD1EE54BC40088E76C /* Sources */ = {
			isa = PBXSourcesBuildPhase;
			buildActionMask = 2147483647;
			files = (
				4D3D23F71EE55C060088E76C /* NSCalendarCategory.m in Sources */,
				4D3D23F11EE54EAA0088E76C /* NSDate+Category.m in Sources */,
				4D3D23DC1EE54BC40088E76C /* ViewController.m in Sources */,
				4D3D23D91EE54BC40088E76C /* AppDelegate.m in Sources */,
				4D3D23D61EE54BC40088E76C /* main.m in Sources */,
			);
			runOnlyForDeploymentPostprocessing = 0;
		};
/* End PBXSourcesBuildPhase section */

/* Begin PBXVariantGroup section */
		4D3D23DD1EE54BC40088E76C /* Main.storyboard */ = {
			isa = PBXVariantGroup;
			children = (
				4D3D23DE1EE54BC40088E76C /* Base */,
			);
			name = Main.storyboard;
			sourceTree = "<group>";
		};
		4D3D23E21EE54BC40088E76C /* LaunchScreen.storyboard */ = {
			isa = PBXVariantGroup;
			children = (
				4D3D23E31EE54BC40088E76C /* Base */,
			);
			name = LaunchScreen.storyboard;
			sourceTree = "<group>";
		};
/* End PBXVariantGroup section */

/* Begin XCBuildConfiguration section */
		4D3D23E61EE54BC40088E76C /* Debug */ = {
			isa = XCBuildConfiguration;
			buildSettings = {
				ALWAYS_SEARCH_USER_PATHS = NO;
				CLANG_ANALYZER_NONNULL = YES;
				CLANG_ANALYZER_NUMBER_OBJECT_CONVERSION = YES_AGGRESSIVE;
				CLANG_CXX_LANGUAGE_STANDARD = "gnu++0x";
				CLANG_CXX_LIBRARY = "libc++";
				CLANG_ENABLE_MODULES = YES;
				CLANG_ENABLE_OBJC_ARC = YES;
				CLANG_WARN_BOOL_CONVERSION = YES;
				CLANG_WARN_CONSTANT_CONVERSION = YES;
				CLANG_WARN_DIRECT_OBJC_ISA_USAGE = YES_ERROR;
				CLANG_WARN_DOCUMENTATION_COMMENTS = YES;
				CLANG_WARN_EMPTY_BODY = YES;
				CLANG_WARN_ENUM_CONVERSION = YES;
				CLANG_WARN_INFINITE_RECURSION = YES;
				CLANG_WARN_INT_CONVERSION = YES;
				CLANG_WARN_OBJC_ROOT_CLASS = YES_ERROR;
				CLANG_WARN_SUSPICIOUS_MOVE = YES;
				CLANG_WARN_UNREACHABLE_CODE = YES;
				CLANG_WARN__DUPLICATE_METHOD_MATCH = YES;
				"CODE_SIGN_IDENTITY[sdk=iphoneos*]" = "iPhone Developer";
				COPY_PHASE_STRIP = NO;
				DEBUG_INFORMATION_FORMAT = dwarf;
				ENABLE_STRICT_OBJC_MSGSEND = YES;
				ENABLE_TESTABILITY = YES;
				GCC_C_LANGUAGE_STANDARD = gnu99;
				GCC_DYNAMIC_NO_PIC = NO;
				GCC_NO_COMMON_BLOCKS = YES;
				GCC_OPTIMIZATION_LEVEL = 0;
				GCC_PREPROCESSOR_DEFINITIONS = (
					"DEBUG=1",
					"$(inherited)",
				);
				GCC_WARN_64_TO_32_BIT_CONVERSION = YES;
				GCC_WARN_ABOUT_RETURN_TYPE = YES_ERROR;
				GCC_WARN_UNDECLARED_SELECTOR = YES;
				GCC_WARN_UNINITIALIZED_AUTOS = YES_AGGRESSIVE;
				GCC_WARN_UNUSED_FUNCTION = YES;
				GCC_WARN_UNUSED_VARIABLE = YES;
				IPHONEOS_DEPLOYMENT_TARGET = 10.3;
				MTL_ENABLE_DEBUG_INFO = YES;
				ONLY_ACTIVE_ARCH = YES;
				SDKROOT = iphoneos;
			};
			name = Debug;
		};
		4D3D23E71EE54BC40088E76C /* Release */ = {
			isa = XCBuildConfiguration;
			buildSettings = {
				ALWAYS_SEARCH_USER_PATHS = NO;
				CLANG_ANALYZER_NONNULL = YES;
				CLANG_ANALYZER_NUMBER_OBJECT_CONVERSION = YES_AGGRESSIVE;
				CLANG_CXX_LANGUAGE_STANDARD = "gnu++0x";
				CLANG_CXX_LIBRARY = "libc++";
				CLANG_ENABLE_MODULES = YES;
				CLANG_ENABLE_OBJC_ARC = YES;
				CLANG_WARN_BOOL_CONVERSION = YES;
				CLANG_WARN_CONSTANT_CONVERSION = YES;
				CLANG_WARN_DIRECT_OBJC_ISA_USAGE = YES_ERROR;
				CLANG_WARN_DOCUMENTATION_COMMENTS = YES;
				CLANG_WARN_EMPTY_BODY = YES;
				CLANG_WARN_ENUM_CONVERSION = YES;
				CLANG_WARN_INFINITE_RECURSION = YES;
				CLANG_WARN_INT_CONVERSION = YES;
				CLANG_WARN_OBJC_ROOT_CLASS = YES_ERROR;
				CLANG_WARN_SUSPICIOUS_MOVE = YES;
				CLANG_WARN_UNREACHABLE_CODE = YES;
				CLANG_WARN__DUPLICATE_METHOD_MATCH = YES;
				"CODE_SIGN_IDENTITY[sdk=iphoneos*]" = "iPhone Developer";
				COPY_PHASE_STRIP = NO;
				DEBUG_INFORMATION_FORMAT = "dwarf-with-dsym";
				ENABLE_NS_ASSERTIONS = NO;
				ENABLE_STRICT_OBJC_MSGSEND = YES;
				GCC_C_LANGUAGE_STANDARD = gnu99;
				GCC_NO_COMMON_BLOCKS = YES;
				GCC_WARN_64_TO_32_BIT_CONVERSION = YES;
				GCC_WARN_ABOUT_RETURN_TYPE = YES_ERROR;
				GCC_WARN_UNDECLARED_SELECTOR = YES;
				GCC_WARN_UNINITIALIZED_AUTOS = YES_AGGRESSIVE;
				GCC_WARN_UNUSED_FUNCTION = YES;
				GCC_WARN_UNUSED_VARIABLE = YES;
				IPHONEOS_DEPLOYMENT_TARGET = 10.3;
				MTL_ENABLE_DEBUG_INFO = NO;
				SDKROOT = iphoneos;
				VALIDATE_PRODUCT = YES;
			};
			name = Release;
		};
		4D3D23E91EE54BC40088E76C /* Debug */ = {
			isa = XCBuildConfiguration;
			buildSettings = {
				ASSETCATALOG_COMPILER_APPICON_NAME = AppIcon;
				INFOPLIST_FILE = Time/Info.plist;
				LD_RUNPATH_SEARCH_PATHS = "$(inherited) @executable_path/Frameworks";
				PRODUCT_BUNDLE_IDENTIFIER = anning.Time;
				PRODUCT_NAME = "$(TARGET_NAME)";
			};
			name = Debug;
		};
		4D3D23EA1EE54BC40088E76C /* Release */ = {
			isa = XCBuildConfiguration;
			buildSettings = {
				ASSETCATALOG_COMPILER_APPICON_NAME = AppIcon;
				INFOPLIST_FILE = Time/Info.plist;
				LD_RUNPATH_SEARCH_PATHS = "$(inherited) @executable_path/Frameworks";
				PRODUCT_BUNDLE_IDENTIFIER = anning.Time;
				PRODUCT_NAME = "$(TARGET_NAME)";
			};
			name = Release;
		};
/* End XCBuildConfiguration section */

/* Begin XCConfigurationList section */
		4D3D23CC1EE54BC40088E76C /* Build configuration list for PBXProject "Time" */ = {
			isa = XCConfigurationList;
			buildConfigurations = (
				4D3D23E61EE54BC40088E76C /* Debug */,
				4D3D23E71EE54BC40088E76C /* Release */,
			);
			defaultConfigurationIsVisible = 0;
			defaultConfigurationName = Release;
		};
		4D3D23E81EE54BC40088E76C /* Build configuration list for PBXNativeTarget "Time" */ = {
			isa = XCConfigurationList;
			buildConfigurations = (
				4D3D23E91EE54BC40088E76C /* Debug */,
				4D3D23EA1EE54BC40088E76C /* Release */,
			);
			defaultConfigurationIsVisible = 0;
		};
/* End XCConfigurationList section */
	};
	rootObject = 4D3D23C91EE54BC40088E76C /* Project object */;
}
